// !$*UTF8*$!
{
	archiveVersion = 1;
	classes = {
	};
	objectVersion = 50;
	objects = {

/* Begin PBXBuildFile section */
		453605B5262B20C800A0FEA9 /* AR Session 6.mov in Resources */ = {isa = PBXBuildFile; fileRef = 453605B4262B20C800A0FEA9 /* AR Session 6.mov */; };
		453605B7262B22A300A0FEA9 /* Circles.mov in Resources */ = {isa = PBXBuildFile; fileRef = 453605B6262B22A300A0FEA9 /* Circles.mov */; };
		453605BB262B374800A0FEA9 /* Squat walking.mov in Resources */ = {isa = PBXBuildFile; fileRef = 453605BA262B374800A0FEA9 /* Squat walking.mov */; };
		45667926261D131D0005FFB5 /* ARButtonView.swift in Sources */ = {isa = PBXBuildFile; fileRef = 45667925261D131D0005FFB5 /* ARButtonView.swift */; };
		45C5A0E22621E6C600D2FE38 /* AR Session 5.mov in Resources */ = {isa = PBXBuildFile; fileRef = 45C5A0E12621E6C600D2FE38 /* AR Session 5.mov */; };
		45C82F21258691FF005C91ED /* AppDelegate.swift in Sources */ = {isa = PBXBuildFile; fileRef = 45C82F20258691FF005C91ED /* AppDelegate.swift */; };
		45C82F23258691FF005C91ED /* ContentView.swift in Sources */ = {isa = PBXBuildFile; fileRef = 45C82F22258691FF005C91ED /* ContentView.swift */; };
		45C82F25258691FF005C91ED /* Experience.rcproject in Sources */ = {isa = PBXBuildFile; fileRef = 45C82F24258691FF005C91ED /* Experience.rcproject */; };
		45C82F2725869202005C91ED /* Assets.xcassets in Resources */ = {isa = PBXBuildFile; fileRef = 45C82F2625869202005C91ED /* Assets.xcassets */; };
		45C82F2A25869202005C91ED /* Preview Assets.xcassets in Resources */ = {isa = PBXBuildFile; fileRef = 45C82F2925869202005C91ED /* Preview Assets.xcassets */; };
/* End PBXBuildFile section */

/* Begin PBXFileReference section */
		4530CEED261E7E3500C02955 /* poop.blend */ = {isa = PBXFileReference; lastKnownFileType = file; path = poop.blend; sourceTree = "<group>"; };
		4531666C2618B0440063A1F1 /* AR Session 4.mov */ = {isa = PBXFileReference; lastKnownFileType = video.quicktime; name = "AR Session 4.mov"; path = "../../../../Downloads/CapturingBodyMotionIn3D/AR Session 4.mov"; sourceTree = "<group>"; };
		453605B4262B20C800A0FEA9 /* AR Session 6.mov */ = {isa = PBXFileReference; lastKnownFileType = video.quicktime; path = "AR Session 6.mov"; sourceTree = "<group>"; };
		453605B6262B22A300A0FEA9 /* Circles.mov */ = {isa = PBXFileReference; lastKnownFileType = video.quicktime; path = Circles.mov; sourceTree = "<group>"; };
		453605BA262B374800A0FEA9 /* Squat walking.mov */ = {isa = PBXFileReference; lastKnownFileType = video.quicktime; path = "Squat walking.mov"; sourceTree = "<group>"; };
		45667925261D131D0005FFB5 /* ARButtonView.swift */ = {isa = PBXFileReference; lastKnownFileType = sourcecode.swift; path = ARButtonView.swift; sourceTree = "<group>"; };
		45667927261D1B750005FFB5 /* README.md */ = {isa = PBXFileReference; lastKnownFileType = net.daringfireball.markdown; path = README.md; sourceTree = "<group>"; };
		45667929261D42030005FFB5 /* app-preview.gif */ = {isa = PBXFileReference; lastKnownFileType = image.gif; path = "app-preview.gif"; sourceTree = "<group>"; };
		45C5A0E12621E6C600D2FE38 /* AR Session 5.mov */ = {isa = PBXFileReference; lastKnownFileType = video.quicktime; path = "AR Session 5.mov"; sourceTree = "<group>"; };
		45C82F1D258691FF005C91ED /* SquatAR.app */ = {isa = PBXFileReference; explicitFileType = wrapper.application; includeInIndex = 0; path = SquatAR.app; sourceTree = BUILT_PRODUCTS_DIR; };
		45C82F20258691FF005C91ED /* AppDelegate.swift */ = {isa = PBXFileReference; lastKnownFileType = sourcecode.swift; path = AppDelegate.swift; sourceTree = "<group>"; };
		45C82F22258691FF005C91ED /* ContentView.swift */ = {isa = PBXFileReference; lastKnownFileType = sourcecode.swift; path = ContentView.swift; sourceTree = "<group>"; };
		45C82F24258691FF005C91ED /* Experience.rcproject */ = {isa = PBXFileReference; lastKnownFileType = file.rcproject; path = Experience.rcproject; sourceTree = "<group>"; };
		45C82F2625869202005C91ED /* Assets.xcassets */ = {isa = PBXFileReference; lastKnownFileType = folder.assetcatalog; path = Assets.xcassets; sourceTree = "<group>"; };
		45C82F2925869202005C91ED /* Preview Assets.xcassets */ = {isa = PBXFileReference; lastKnownFileType = folder.assetcatalog; path = "Preview Assets.xcassets"; sourceTree = "<group>"; };
		45C82F2B25869202005C91ED /* Info.plist */ = {isa = PBXFileReference; lastKnownFileType = text.plist.xml; path = Info.plist; sourceTree = "<group>"; };
/* End PBXFileReference section */

/* Begin PBXFrameworksBuildPhase section */
		45C82F1A258691FF005C91ED /* Frameworks */ = {
			isa = PBXFrameworksBuildPhase;
			buildActionMask = 2147483647;
			files = (
			);
			runOnlyForDeploymentPostprocessing = 0;
		};
/* End PBXFrameworksBuildPhase section */

/* Begin PBXGroup section */
		45C82F14258691FF005C91ED = {
			isa = PBXGroup;
			children = (
				45667927261D1B750005FFB5 /* README.md */,
				45667929261D42030005FFB5 /* app-preview.gif */,
				4531666C2618B0440063A1F1 /* AR Session 4.mov */,
				45C5A0E12621E6C600D2FE38 /* AR Session 5.mov */,
				453605B4262B20C800A0FEA9 /* AR Session 6.mov */,
				453605B6262B22A300A0FEA9 /* Circles.mov */,
				453605BA262B374800A0FEA9 /* Squat walking.mov */,
				4530CEED261E7E3500C02955 /* poop.blend */,
				45C82F1F258691FF005C91ED /* SquatAR */,
				45C82F1E258691FF005C91ED /* Products */,
			);
			sourceTree = "<group>";
		};
		45C82F1E258691FF005C91ED /* Products */ = {
			isa = PBXGroup;
			children = (
				45C82F1D258691FF005C91ED /* SquatAR.app */,
			);
			name = Products;
			sourceTree = "<group>";
		};
		45C82F1F258691FF005C91ED /* SquatAR */ = {
			isa = PBXGroup;
			children = (
				45C82F20258691FF005C91ED /* AppDelegate.swift */,
				45C82F22258691FF005C91ED /* ContentView.swift */,
				45C82F24258691FF005C91ED /* Experience.rcproject */,
				45C82F2625869202005C91ED /* Assets.xcassets */,
				45C82F2B25869202005C91ED /* Info.plist */,
				45C82F2825869202005C91ED /* Preview Content */,
				45667925261D131D0005FFB5 /* ARButtonView.swift */,
			);
			path = SquatAR;
			sourceTree = "<group>";
		};
		45C82F2825869202005C91ED /* Preview Content */ = {
			isa = PBXGroup;
			children = (
				45C82F2925869202005C91ED /* Preview Assets.xcassets */,
			);
			path = "Preview Content";
			sourceTree = "<group>";
		};
/* End PBXGroup section */

/* Begin PBXNativeTarget section */
		45C82F1C258691FF005C91ED /* SquatAR */ = {
			isa = PBXNativeTarget;
			buildConfigurationList = 45C82F2E25869202005C91ED /* Build configuration list for PBXNativeTarget "SquatAR" */;
			buildPhases = (
				45C82F19258691FF005C91ED /* Sources */,
				45C82F1A258691FF005C91ED /* Frameworks */,
				45C82F1B258691FF005C91ED /* Resources */,
			);
			buildRules = (
			);
			dependencies = (
			);
			name = SquatAR;
			productName = SquatAR;
			productReference = 45C82F1D258691FF005C91ED /* SquatAR.app */;
			productType = "com.apple.product-type.application";
		};
/* End PBXNativeTarget section */

/* Begin PBXProject section */
		45C82F15258691FF005C91ED /* Project object */ = {
			isa = PBXProject;
			attributes = {
				LastSwiftUpdateCheck = 1220;
				LastUpgradeCheck = 1220;
				TargetAttributes = {
					45C82F1C258691FF005C91ED = {
						CreatedOnToolsVersion = 12.2;
					};
				};
			};
			buildConfigurationList = 45C82F18258691FF005C91ED /* Build configuration list for PBXProject "SquatAR" */;
			compatibilityVersion = "Xcode 9.3";
			developmentRegion = en;
			hasScannedForEncodings = 0;
			knownRegions = (
				en,
				Base,
			);
			mainGroup = 45C82F14258691FF005C91ED;
			productRefGroup = 45C82F1E258691FF005C91ED /* Products */;
			projectDirPath = "";
			projectRoot = "";
			targets = (
				45C82F1C258691FF005C91ED /* SquatAR */,
			);
		};
/* End PBXProject section */

/* Begin PBXResourcesBuildPhase section */
		45C82F1B258691FF005C91ED /* Resources */ = {
			isa = PBXResourcesBuildPhase;
			buildActionMask = 2147483647;
			files = (
				45C82F2A25869202005C91ED /* Preview Assets.xcassets in Resources */,
				453605B5262B20C800A0FEA9 /* AR Session 6.mov in Resources */,
				453605BB262B374800A0FEA9 /* Squat walking.mov in Resources */,
				45C82F2725869202005C91ED /* Assets.xcassets in Resources */,
				45C5A0E22621E6C600D2FE38 /* AR Session 5.mov in Resources */,
				453605B7262B22A300A0FEA9 /* Circles.mov in Resources */,
			);
			runOnlyForDeploymentPostprocessing = 0;
		};
/* End PBXResourcesBuildPhase section */

/* Begin PBXSourcesBuildPhase section */
		45C82F19258691FF005C91ED /* Sources */ = {
			isa = PBXSourcesBuildPhase;
			buildActionMask = 2147483647;
			files = (
				45C82F23258691FF005C91ED /* ContentView.swift in Sources */,
				45C82F21258691FF005C91ED /* AppDelegate.swift in Sources */,
				45C82F25258691FF005C91ED /* Experience.rcproject in Sources */,
				45667926261D131D0005FFB5 /* ARButtonView.swift in Sources */,
			);
			runOnlyForDeploymentPostprocessing = 0;
		};
/* End PBXSourcesBuildPhase section */

/* Begin XCBuildConfiguration section */
		45C82F2C25869202005C91ED /* Debug */ = {
			isa = XCBuildConfiguration;
			buildSettings = {
				ALWAYS_SEARCH_USER_PATHS = NO;
				CLANG_ANALYZER_NONNULL = YES;
				CLANG_ANALYZER_NUMBER_OBJECT_CONVERSION = YES_AGGRESSIVE;
				CLANG_CXX_LANGUAGE_STANDARD = "gnu++14";
				CLANG_CXX_LIBRARY = "libc++";
				CLANG_ENABLE_MODULES = YES;
				CLANG_ENABLE_OBJC_ARC = YES;
				CLANG_ENABLE_OBJC_WEAK = YES;
				CLANG_WARN_BLOCK_CAPTURE_AUTORELEASING = YES;
				CLANG_WARN_BOOL_CONVERSION = YES;
				CLANG_WARN_COMMA = YES;
				CLANG_WARN_CONSTANT_CONVERSION = YES;
				CLANG_WARN_DEPRECATED_OBJC_IMPLEMENTATIONS = YES;
				CLANG_WARN_DIRECT_OBJC_ISA_USAGE = YES_ERROR;
				CLANG_WARN_DOCUMENTATION_COMMENTS = YES;
				CLANG_WARN_EMPTY_BODY = YES;
				CLANG_WARN_ENUM_CONVERSION = YES;
				CLANG_WARN_INFINITE_RECURSION = YES;
				CLANG_WARN_INT_CONVERSION = YES;
				CLANG_WARN_NON_LITERAL_NULL_CONVERSION = YES;
				CLANG_WARN_OBJC_IMPLICIT_RETAIN_SELF = YES;
				CLANG_WARN_OBJC_LITERAL_CONVERSION = YES;
				CLANG_WARN_OBJC_ROOT_CLASS = YES_ERROR;
				CLANG_WARN_QUOTED_INCLUDE_IN_FRAMEWORK_HEADER = YES;
				CLANG_WARN_RANGE_LOOP_ANALYSIS = YES;
				CLANG_WARN_STRICT_PROTOTYPES = YES;
				CLANG_WARN_SUSPICIOUS_MOVE = YES;
				CLANG_WARN_UNGUARDED_AVAILABILITY = YES_AGGRESSIVE;
				CLANG_WARN_UNREACHABLE_CODE = YES;
				CLANG_WARN__DUPLICATE_METHOD_MATCH = YES;
				COPY_PHASE_STRIP = NO;
				DEBUG_INFORMATION_FORMAT = dwarf;
				ENABLE_STRICT_OBJC_MSGSEND = YES;
				ENABLE_TESTABILITY = YES;
				GCC_C_LANGUAGE_STANDARD = gnu11;
				GCC_DYNAMIC_NO_PIC = NO;
				GCC_NO_COMMON_BLOCKS = YES;
				GCC_OPTIMIZATION_LEVEL = 0;
				GCC_PREPROCESSOR_DEFINITIONS = (
					"DEBUG=1",
					"$(inherited)",
				);
				GCC_WARN_64_TO_32_BIT_CONVERSION = YES;
				GCC_WARN_ABOUT_RETURN_TYPE = YES_ERROR;
				GCC_WARN_UNDECLARED_SELECTOR = YES;
				GCC_WARN_UNINITIALIZED_AUTOS = YES_AGGRESSIVE;
				GCC_WARN_UNUSED_FUNCTION = YES;
				GCC_WARN_UNUSED_VARIABLE = YES;
				IPHONEOS_DEPLOYMENT_TARGET = 14.1;
				MTL_ENABLE_DEBUG_INFO = INCLUDE_SOURCE;
				MTL_FAST_MATH = YES;
				ONLY_ACTIVE_ARCH = YES;
				SDKROOT = iphoneos;
				SWIFT_ACTIVE_COMPILATION_CONDITIONS = DEBUG;
				SWIFT_OPTIMIZATION_LEVEL = "-Onone";
			};
			name = Debug;
		};
		45C82F2D25869202005C91ED /* Release */ = {
			isa = XCBuildConfiguration;
			buildSettings = {
				ALWAYS_SEARCH_USER_PATHS = NO;
				CLANG_ANALYZER_NONNULL = YES;
				CLANG_ANALYZER_NUMBER_OBJECT_CONVERSION = YES_AGGRESSIVE;
				CLANG_CXX_LANGUAGE_STANDARD = "gnu++14";
				CLANG_CXX_LIBRARY = "libc++";
				CLANG_ENABLE_MODULES = YES;
				CLANG_ENABLE_OBJC_ARC = YES;
				CLANG_ENABLE_OBJC_WEAK = YES;
				CLANG_WARN_BLOCK_CAPTURE_AUTORELEASING = YES;
				CLANG_WARN_BOOL_CONVERSION = YES;
				CLANG_WARN_COMMA = YES;
				CLANG_WARN_CONSTANT_CONVERSION = YES;
				CLANG_WARN_DEPRECATED_OBJC_IMPLEMENTATIONS = YES;
				CLANG_WARN_DIRECT_OBJC_ISA_USAGE = YES_ERROR;
				CLANG_WARN_DOCUMENTATION_COMMENTS = YES;
				CLANG_WARN_EMPTY_BODY = YES;
				CLANG_WARN_ENUM_CONVERSION = YES;
				CLANG_WARN_INFINITE_RECURSION = YES;
				CLANG_WARN_INT_CONVERSION = YES;
				CLANG_WARN_NON_LITERAL_NULL_CONVERSION = YES;
				CLANG_WARN_OBJC_IMPLICIT_RETAIN_SELF = YES;
				CLANG_WARN_OBJC_LITERAL_CONVERSION = YES;
				CLANG_WARN_OBJC_ROOT_CLASS = YES_ERROR;
				CLANG_WARN_QUOTED_INCLUDE_IN_FRAMEWORK_HEADER = YES;
				CLANG_WARN_RANGE_LOOP_ANALYSIS = YES;
				CLANG_WARN_STRICT_PROTOTYPES = YES;
				CLANG_WARN_SUSPICIOUS_MOVE = YES;
				CLANG_WARN_UNGUARDED_AVAILABILITY = YES_AGGRESSIVE;
				CLANG_WARN_UNREACHABLE_CODE = YES;
				CLANG_WARN__DUPLICATE_METHOD_MATCH = YES;
				COPY_PHASE_STRIP = NO;
				DEBUG_INFORMATION_FORMAT = "dwarf-with-dsym";
				ENABLE_NS_ASSERTIONS = NO;
				ENABLE_STRICT_OBJC_MSGSEND = YES;
				GCC_C_LANGUAGE_STANDARD = gnu11;
				GCC_NO_COMMON_BLOCKS = YES;
				GCC_WARN_64_TO_32_BIT_CONVERSION = YES;
				GCC_WARN_ABOUT_RETURN_TYPE = YES_ERROR;
				GCC_WARN_UNDECLARED_SELECTOR = YES;
				GCC_WARN_UNINITIALIZED_AUTOS = YES_AGGRESSIVE;
				GCC_WARN_UNUSED_FUNCTION = YES;
				GCC_WARN_UNUSED_VARIABLE = YES;
				IPHONEOS_DEPLOYMENT_TARGET = 14.1;
				MTL_ENABLE_DEBUG_INFO = NO;
				MTL_FAST_MATH = YES;
				SDKROOT = iphoneos;
				SWIFT_COMPILATION_MODE = wholemodule;
				SWIFT_OPTIMIZATION_LEVEL = "-O";
				VALIDATE_PRODUCT = YES;
			};
			name = Release;
		};
		45C82F2F25869202005C91ED /* Debug */ = {
			isa = XCBuildConfiguration;
			buildSettings = {
				ASSETCATALOG_COMPILER_APPICON_NAME = AppIcon;
				ASSETCATALOG_COMPILER_GLOBAL_ACCENT_COLOR_NAME = AccentColor;
				CODE_SIGN_STYLE = Automatic;
				CURRENT_PROJECT_VERSION = 5;
				DEVELOPMENT_ASSET_PATHS = "SquatAR/Preview\\ Content";
				DEVELOPMENT_TEAM = Z6E4CU9G46;
				ENABLE_PREVIEWS = YES;
				INFOPLIST_FILE = SquatAR/Info.plist;
				LD_RUNPATH_SEARCH_PATHS = (
					"$(inherited)",
					"@executable_path/Frameworks",
				);
				PRODUCT_BUNDLE_IDENTIFIER = "com.literalpie.squat-ar";
				PRODUCT_NAME = "$(TARGET_NAME)";
				SWIFT_VERSION = 5.0;
				TARGETED_DEVICE_FAMILY = "1,2";
			};
			name = Debug;
		};
		45C82F3025869202005C91ED /* Release */ = {
			isa = XCBuildConfiguration;
			buildSettings = {
				ASSETCATALOG_COMPILER_APPICON_NAME = AppIcon;
				ASSETCATALOG_COMPILER_GLOBAL_ACCENT_COLOR_NAME = AccentColor;
				CODE_SIGN_STYLE = Automatic;
				CURRENT_PROJECT_VERSION = 5;
				DEVELOPMENT_ASSET_PATHS = "SquatAR/Preview\\ Content";
				DEVELOPMENT_TEAM = Z6E4CU9G46;
				ENABLE_PREVIEWS = YES;
				INFOPLIST_FILE = SquatAR/Info.plist;
				LD_RUNPATH_SEARCH_PATHS = (
					"$(inherited)",
					"@executable_path/Frameworks",
				);
				PRODUCT_BUNDLE_IDENTIFIER = "com.literalpie.squat-ar";
				PRODUCT_NAME = "$(TARGET_NAME)";
				SWIFT_VERSION = 5.0;
				TARGETED_DEVICE_FAMILY = "1,2";
			};
			name = Release;
		};
/* End XCBuildConfiguration section */

/* Begin XCConfigurationList section */
		45C82F18258691FF005C91ED /* Build configuration list for PBXProject "SquatAR" */ = {
			isa = XCConfigurationList;
			buildConfigurations = (
				45C82F2C25869202005C91ED /* Debug */,
				45C82F2D25869202005C91ED /* Release */,
			);
			defaultConfigurationIsVisible = 0;
			defaultConfigurationName = Release;
		};
		45C82F2E25869202005C91ED /* Build configuration list for PBXNativeTarget "SquatAR" */ = {
			isa = XCConfigurationList;
			buildConfigurations = (
				45C82F2F25869202005C91ED /* Debug */,
				45C82F3025869202005C91ED /* Release */,
			);
			defaultConfigurationIsVisible = 0;
			defaultConfigurationName = Release;
		};
/* End XCConfigurationList section */
	};
	rootObject = 45C82F15258691FF005C91ED /* Project object */;
}
